{
  "requires": true,
  "lockfileVersion": 1,
  "dependencies": {
    "ngx-toastr": {
      "version": "12.0.0",
      "resolved": "https://registry.npmjs.org/ngx-toastr/-/ngx-toastr-12.0.0.tgz",
      "integrity": "sha512-J0mvGXH9cLlP3acoLJcuYhsQcL+EOAtkS1Y5tFKzrw2TYqY2HNffMVPvK+KP1LDJHiIgRpYg3ZELw1raAl0R/A=="
    }
  }
}
